
Microsoft Visual Studio Solution File, Format Version 12.00
# Visual Studio Version 16
VisualStudioVersion = 16.0.32002.261
MinimumVisualStudioVersion = 10.0.40219.1
Project("{FAE04EC0-301F-11D3-BF4B-00C04F79EFBC}") = "YatirimYonetimSistemi", "YatirimYonetimSistemi\YatirimYonetimSistemi.csproj", "{E9F97401-5512-4E6A-A06A-92B17B39E57B}"
EndProject
Global
	GlobalSection(SolutionConfigurationPlatforms) = preSolution
		Debug|Any CPU = Debug|Any CPU
		Release|Any CPU = Release|Any CPU
	EndGlobalSection
	GlobalSection(ProjectConfigurationPlatforms) = postSolution
		{E9F97401-5512-4E6A-A06A-92B17B39E57B}.Debug|Any CPU.ActiveCfg = Debug|Any CPU
		{E9F97401-5512-4E6A-A06A-92B17B39E57B}.Debug|Any CPU.Build.0 = Debug|Any CPU
		{E9F97401-5512-4E6A-A06A-92B17B39E57B}.Release|Any CPU.ActiveCfg = Release|Any CPU
		{E9F97401-5512-4E6A-A06A-92B17B39E57B}.Release|Any CPU.Build.0 = Release|Any CPU
	EndGlobalSection
	GlobalSection(SolutionProperties) = preSolution
		HideSolutionNode = FALSE
	EndGlobalSection
	GlobalSection(ExtensibilityGlobals) = postSolution
		SolutionGuid = {FB2AB4E2-8C56-472B-A211-B317A2040DD5}
	EndGlobalSection
EndGlobal
